
Microsoft Visual Studio Solution File, Format Version 12.00
# Visual Studio Version 17
VisualStudioVersion = 17.5.33627.172
MinimumVisualStudioVersion = 10.0.40219.1
Project("{FAE04EC0-301F-11D3-BF4B-00C04F79EFBC}") = "SuperHeroApiDotNet7", "SuperHeroApiDotNet7\SuperHeroApiDotNet7.csproj", "{2EB69769-6AC8-4E5B-845E-6135EAD1397D}"
EndProject
Global
	GlobalSection(SolutionConfigurationPlatforms) = preSolution
		Debug|Any CPU = Debug|Any CPU
		Release|Any CPU = Release|Any CPU
	EndGlobalSection
	GlobalSection(ProjectConfigurationPlatforms) = postSolution
		{2EB69769-6AC8-4E5B-845E-6135EAD1397D}.Debug|Any CPU.ActiveCfg = Debug|Any CPU
		{2EB69769-6AC8-4E5B-845E-6135EAD1397D}.Debug|Any CPU.Build.0 = Debug|Any CPU
		{2EB69769-6AC8-4E5B-845E-6135EAD1397D}.Release|Any CPU.ActiveCfg = Release|Any CPU
		{2EB69769-6AC8-4E5B-845E-6135EAD1397D}.Release|Any CPU.Build.0 = Release|Any CPU
	EndGlobalSection
	GlobalSection(SolutionProperties) = preSolution
		HideSolutionNode = FALSE
	EndGlobalSection
	GlobalSection(ExtensibilityGlobals) = postSolution
		SolutionGuid = {6720CD1E-641B-4DB8-B5F0-6C79B10F91C8}
	EndGlobalSection
EndGlobal
